
Microsoft Visual Studio Solution File, Format Version 12.00
# Visual Studio 15
VisualStudioVersion = 15.0.26228.4
MinimumVisualStudioVersion = 10.0.40219.1
Project("{9A19103F-16F7-4668-BE54-9A1E7A4F7556}") = "ServiceDiscvery.SelfRegisteration.API", "API\ServiceDiscvery.SelfRegisteration.API.csproj", "{44405047-7530-4079-BFA4-9E7058C95961}"
EndProject
Project("{9A19103F-16F7-4668-BE54-9A1E7A4F7556}") = "ServiceDiscvery.SelfRegisteration.Client", "Client\ServiceDiscvery.SelfRegisteration.Client.csproj", "{23F70854-B01B-4C3A-ACE2-139922464982}"
EndProject
Global
	GlobalSection(SolutionConfigurationPlatforms) = preSolution
		Debug|Any CPU = Debug|Any CPU
		Release|Any CPU = Release|Any CPU
	EndGlobalSection
	GlobalSection(ProjectConfigurationPlatforms) = postSolution
		{44405047-7530-4079-BFA4-9E7058C95961}.Debug|Any CPU.ActiveCfg = Debug|Any CPU
		{44405047-7530-4079-BFA4-9E7058C95961}.Debug|Any CPU.Build.0 = Debug|Any CPU
		{44405047-7530-4079-BFA4-9E7058C95961}.Release|Any CPU.ActiveCfg = Release|Any CPU
		{44405047-7530-4079-BFA4-9E7058C95961}.Release|Any CPU.Build.0 = Release|Any CPU
		{23F70854-B01B-4C3A-ACE2-139922464982}.Debug|Any CPU.ActiveCfg = Debug|Any CPU
		{23F70854-B01B-4C3A-ACE2-139922464982}.Debug|Any CPU.Build.0 = Debug|Any CPU
		{23F70854-B01B-4C3A-ACE2-139922464982}.Release|Any CPU.ActiveCfg = Release|Any CPU
		{23F70854-B01B-4C3A-ACE2-139922464982}.Release|Any CPU.Build.0 = Release|Any CPU
	EndGlobalSection
	GlobalSection(SolutionProperties) = preSolution
		HideSolutionNode = FALSE
	EndGlobalSection
EndGlobal
